
Microsoft Visual Studio Solution File, Format Version 12.00
# Visual Studio Version 17
VisualStudioVersion = 17.3.32819.101
MinimumVisualStudioVersion = 10.0.40219.1
Project("{FAE04EC0-301F-11D3-BF4B-00C04F79EFBC}") = "WritePasswordInvisible", "WritePasswordInvisible\WritePasswordInvisible.csproj", "{2CC33A14-D9A6-46FA-95DB-4A404C0270C9}"
EndProject
Global
	GlobalSection(SolutionConfigurationPlatforms) = preSolution
		Debug|Any CPU = Debug|Any CPU
		Release|Any CPU = Release|Any CPU
	EndGlobalSection
	GlobalSection(ProjectConfigurationPlatforms) = postSolution
		{2CC33A14-D9A6-46FA-95DB-4A404C0270C9}.Debug|Any CPU.ActiveCfg = Debug|Any CPU
		{2CC33A14-D9A6-46FA-95DB-4A404C0270C9}.Debug|Any CPU.Build.0 = Debug|Any CPU
		{2CC33A14-D9A6-46FA-95DB-4A404C0270C9}.Release|Any CPU.ActiveCfg = Release|Any CPU
		{2CC33A14-D9A6-46FA-95DB-4A404C0270C9}.Release|Any CPU.Build.0 = Release|Any CPU
	EndGlobalSection
	GlobalSection(SolutionProperties) = preSolution
		HideSolutionNode = FALSE
	EndGlobalSection
	GlobalSection(ExtensibilityGlobals) = postSolution
		SolutionGuid = {C5938017-6BB1-4CA3-A880-5D4005CFCC89}
	EndGlobalSection
EndGlobal
